
Microsoft Visual Studio Solution File, Format Version 12.00
# Visual Studio Version 17
VisualStudioVersion = 17.14.37411.7 d17.14
MinimumVisualStudioVersion = 10.0.40219.1
Project("{FAE04EC0-301F-11D3-BF4B-00C04F79EFBC}") = "rental", "rental\rental.csproj", "{003650C4-C977-A2F3-5B9E-48DFC549BBA4}"
EndProject
Project("{FAE04EC0-301F-11D3-BF4B-00C04F79EFBC}") = "rental.AppHost", "rental.AppHost\rental.AppHost.csproj", "{84CA56CD-B6AD-46AC-83A9-45C2519F2028}"
EndProject
Project("{FAE04EC0-301F-11D3-BF4B-00C04F79EFBC}") = "rental.ServiceDefaults", "rental.ServiceDefaults\rental.ServiceDefaults.csproj", "{C3CA18DE-6BAD-EB85-A470-8E9C3A39AA1D}"
EndProject
Global
	GlobalSection(SolutionConfigurationPlatforms) = preSolution
		Debug|Any CPU = Debug|Any CPU
		Release|Any CPU = Release|Any CPU
	EndGlobalSection
	GlobalSection(ProjectConfigurationPlatforms) = postSolution
		{003650C4-C977-A2F3-5B9E-48DFC549BBA4}.Debug|Any CPU.ActiveCfg = Debug|Any CPU
		{003650C4-C977-A2F3-5B9E-48DFC549BBA4}.Debug|Any CPU.Build.0 = Debug|Any CPU
		{003650C4-C977-A2F3-5B9E-48DFC549BBA4}.Release|Any CPU.ActiveCfg = Release|Any CPU
		{003650C4-C977-A2F3-5B9E-48DFC549BBA4}.Release|Any CPU.Build.0 = Release|Any CPU
		{84CA56CD-B6AD-46AC-83A9-45C2519F2028}.Debug|Any CPU.ActiveCfg = Debug|Any CPU
		{84CA56CD-B6AD-46AC-83A9-45C2519F2028}.Debug|Any CPU.Build.0 = Debug|Any CPU
		{84CA56CD-B6AD-46AC-83A9-45C2519F2028}.Release|Any CPU.ActiveCfg = Release|Any CPU
		{84CA56CD-B6AD-46AC-83A9-45C2519F2028}.Release|Any CPU.Build.0 = Release|Any CPU
		{C3CA18DE-6BAD-EB85-A470-8E9C3A39AA1D}.Debug|Any CPU.ActiveCfg = Debug|Any CPU
		{C3CA18DE-6BAD-EB85-A470-8E9C3A39AA1D}.Debug|Any CPU.Build.0 = Debug|Any CPU
		{C3CA18DE-6BAD-EB85-A470-8E9C3A39AA1D}.Release|Any CPU.ActiveCfg = Release|Any CPU
		{C3CA18DE-6BAD-EB85-A470-8E9C3A39AA1D}.Release|Any CPU.Build.0 = Release|Any CPU
	EndGlobalSection
	GlobalSection(SolutionProperties) = preSolution
		HideSolutionNode = FALSE
	EndGlobalSection
	GlobalSection(ExtensibilityGlobals) = postSolution
		SolutionGuid = {6BD557BA-2895-4BE8-9CD2-790C5D20625F}
	EndGlobalSection
EndGlobal
